
Microsoft Visual Studio Solution File, Format Version 12.00
# Visual Studio Version 16
VisualStudioVersion = 25.0.1700.0
MinimumVisualStudioVersion = 10.0.40219.1
Project("{FAE04EC0-301F-11D3-BF4B-00C04F79EFBC}") = "InternetBanking", "s3512958_a2\InternetBanking.csproj", "{F2F41447-7E91-4372-B502-49ED7D3DF6C1}"
EndProject
Project("{2150E333-8FDC-42A3-9474-1A3956D46DE8}") = "Solution Items", "Solution Items", "{AB15039A-0C11-46EE-B9DD-B129C1712456}"
	ProjectSection(SolutionItems) = preProject
		.editorconfig = .editorconfig
	EndProjectSection
EndProject
Project("{FAE04EC0-301F-11D3-BF4B-00C04F79EFBC}") = "AdminWebAPI", "AdminWebAPI\AdminWebAPI.csproj", "{02F70CA1-00CA-4093-A0B6-32C44DED6235}"
EndProject
Project("{FAE04EC0-301F-11D3-BF4B-00C04F79EFBC}") = "Admin", "Admin\Admin.csproj", "{A7EBE565-D694-415F-94B2-6058BA813EAC}"
EndProject
Global
	GlobalSection(SolutionConfigurationPlatforms) = preSolution
		Debug|Any CPU = Debug|Any CPU
		Release|Any CPU = Release|Any CPU
	EndGlobalSection
	GlobalSection(ProjectConfigurationPlatforms) = postSolution
		{F2F41447-7E91-4372-B502-49ED7D3DF6C1}.Debug|Any CPU.ActiveCfg = Debug|Any CPU
		{F2F41447-7E91-4372-B502-49ED7D3DF6C1}.Debug|Any CPU.Build.0 = Debug|Any CPU
		{F2F41447-7E91-4372-B502-49ED7D3DF6C1}.Release|Any CPU.ActiveCfg = Release|Any CPU
		{F2F41447-7E91-4372-B502-49ED7D3DF6C1}.Release|Any CPU.Build.0 = Release|Any CPU
		{02F70CA1-00CA-4093-A0B6-32C44DED6235}.Debug|Any CPU.ActiveCfg = Debug|Any CPU
		{02F70CA1-00CA-4093-A0B6-32C44DED6235}.Debug|Any CPU.Build.0 = Debug|Any CPU
		{02F70CA1-00CA-4093-A0B6-32C44DED6235}.Release|Any CPU.ActiveCfg = Release|Any CPU
		{02F70CA1-00CA-4093-A0B6-32C44DED6235}.Release|Any CPU.Build.0 = Release|Any CPU
		{A7EBE565-D694-415F-94B2-6058BA813EAC}.Debug|Any CPU.ActiveCfg = Debug|Any CPU
		{A7EBE565-D694-415F-94B2-6058BA813EAC}.Debug|Any CPU.Build.0 = Debug|Any CPU
		{A7EBE565-D694-415F-94B2-6058BA813EAC}.Release|Any CPU.ActiveCfg = Release|Any CPU
		{A7EBE565-D694-415F-94B2-6058BA813EAC}.Release|Any CPU.Build.0 = Release|Any CPU
	EndGlobalSection
	GlobalSection(SolutionProperties) = preSolution
		HideSolutionNode = FALSE
	EndGlobalSection
	GlobalSection(ExtensibilityGlobals) = postSolution
		SolutionGuid = {7C19D3F3-B45D-44F1-8012-CC3C7F33BDED}
	EndGlobalSection
EndGlobal
